
Microsoft Visual Studio Solution File, Format Version 12.00
# Visual Studio Version 17
VisualStudioVersion = 17.3.32825.248
MinimumVisualStudioVersion = 10.0.40219.1
Project("{9A19103F-16F7-4668-BE54-9A1E7A4F7556}") = "Bookstore", "Bookstore.csproj", "{8AA49738-4844-4B55-AA8F-44A1BEBBA463}"
EndProject
Project("{FAE04EC0-301F-11D3-BF4B-00C04F79EFBC}") = "BussinessLayer", "..\BussinessLayer\BussinessLayer.csproj", "{C1093C36-1EC5-402C-B46C-AD1BCD782FC5}"
EndProject
Project("{FAE04EC0-301F-11D3-BF4B-00C04F79EFBC}") = "RepoLayer", "..\RepoLayer\RepoLayer.csproj", "{7E425FDC-7E86-4C70-B502-3C0797E99E72}"
EndProject
Project("{FAE04EC0-301F-11D3-BF4B-00C04F79EFBC}") = "Model", "..\Model\Model.csproj", "{105BFC2A-BB69-412B-AAF6-A2DEB5ECF2D7}"
EndProject
Global
	GlobalSection(SolutionConfigurationPlatforms) = preSolution
		Debug|Any CPU = Debug|Any CPU
		Release|Any CPU = Release|Any CPU
	EndGlobalSection
	GlobalSection(ProjectConfigurationPlatforms) = postSolution
		{8AA49738-4844-4B55-AA8F-44A1BEBBA463}.Debug|Any CPU.ActiveCfg = Debug|Any CPU
		{8AA49738-4844-4B55-AA8F-44A1BEBBA463}.Debug|Any CPU.Build.0 = Debug|Any CPU
		{8AA49738-4844-4B55-AA8F-44A1BEBBA463}.Release|Any CPU.ActiveCfg = Release|Any CPU
		{8AA49738-4844-4B55-AA8F-44A1BEBBA463}.Release|Any CPU.Build.0 = Release|Any CPU
		{C1093C36-1EC5-402C-B46C-AD1BCD782FC5}.Debug|Any CPU.ActiveCfg = Debug|Any CPU
		{C1093C36-1EC5-402C-B46C-AD1BCD782FC5}.Debug|Any CPU.Build.0 = Debug|Any CPU
		{C1093C36-1EC5-402C-B46C-AD1BCD782FC5}.Release|Any CPU.ActiveCfg = Release|Any CPU
		{C1093C36-1EC5-402C-B46C-AD1BCD782FC5}.Release|Any CPU.Build.0 = Release|Any CPU
		{7E425FDC-7E86-4C70-B502-3C0797E99E72}.Debug|Any CPU.ActiveCfg = Debug|Any CPU
		{7E425FDC-7E86-4C70-B502-3C0797E99E72}.Debug|Any CPU.Build.0 = Debug|Any CPU
		{7E425FDC-7E86-4C70-B502-3C0797E99E72}.Release|Any CPU.ActiveCfg = Release|Any CPU
		{7E425FDC-7E86-4C70-B502-3C0797E99E72}.Release|Any CPU.Build.0 = Release|Any CPU
		{105BFC2A-BB69-412B-AAF6-A2DEB5ECF2D7}.Debug|Any CPU.ActiveCfg = Debug|Any CPU
		{105BFC2A-BB69-412B-AAF6-A2DEB5ECF2D7}.Debug|Any CPU.Build.0 = Debug|Any CPU
		{105BFC2A-BB69-412B-AAF6-A2DEB5ECF2D7}.Release|Any CPU.ActiveCfg = Release|Any CPU
		{105BFC2A-BB69-412B-AAF6-A2DEB5ECF2D7}.Release|Any CPU.Build.0 = Release|Any CPU
	EndGlobalSection
	GlobalSection(SolutionProperties) = preSolution
		HideSolutionNode = FALSE
	EndGlobalSection
	GlobalSection(ExtensibilityGlobals) = postSolution
		SolutionGuid = {5F5B4DA5-4352-48F4-ADEE-1874AF59FAD9}
	EndGlobalSection
EndGlobal
